
Microsoft Visual Studio Solution File, Format Version 12.00
# Visual Studio Version 17
VisualStudioVersion = 17.14.36109.1
MinimumVisualStudioVersion = 10.0.40219.1
Project("{FAE04EC0-301F-11D3-BF4B-00C04F79EFBC}") = "CityBreaks.Web", "TP3_DR4\CityBreaks.Web.csproj", "{AC24D222-E63B-40A9-89E0-CCEC36EBFD83}"
EndProject
Global
	GlobalSection(SolutionConfigurationPlatforms) = preSolution
		Debug|Any CPU = Debug|Any CPU
		Release|Any CPU = Release|Any CPU
	EndGlobalSection
	GlobalSection(ProjectConfigurationPlatforms) = postSolution
		{AC24D222-E63B-40A9-89E0-CCEC36EBFD83}.Debug|Any CPU.ActiveCfg = Debug|Any CPU
		{AC24D222-E63B-40A9-89E0-CCEC36EBFD83}.Debug|Any CPU.Build.0 = Debug|Any CPU
		{AC24D222-E63B-40A9-89E0-CCEC36EBFD83}.Release|Any CPU.ActiveCfg = Release|Any CPU
		{AC24D222-E63B-40A9-89E0-CCEC36EBFD83}.Release|Any CPU.Build.0 = Release|Any CPU
	EndGlobalSection
	GlobalSection(SolutionProperties) = preSolution
		HideSolutionNode = FALSE
	EndGlobalSection
	GlobalSection(ExtensibilityGlobals) = postSolution
		SolutionGuid = {F451FEAE-BC43-4DC0-AC2C-C03CCA1697BB}
	EndGlobalSection
EndGlobal
